PODS:
  - Flutter (1.0.0)
  - home_widget (0.0.1):
    - Flutter

DEPENDENCIES:
  - Flutter (from `Flutter`)
  - home_widget (from `.symlinks/plugins/home_widget/ios`)

EXTERNAL SOURCES:
  Flutter:
    :path: Flutter
  home_widget:
    :path: ".symlinks/plugins/home_widget/ios"

SPEC CHECKSUMS:
  Flutter: cabc95a1d2626b1b06e7179b784ebcf0c0cde467
  home_widget: 54b4f6b36ed8d64cfee594a476225c35c3e45091

PODFILE CHECKSUM: fe889f08e858a7f9bb2b8dac3d8b5559a9d18b9e

COCOAPODS: 1.16.2
